github.com/kivattt/getopt v0.0.0-20240628061659-0f129a2cefaf h1:FmYQ9SaWSbyC/71h9Vt5NZFVdXb3p/yxQmrrvQ+dUoo=
github.com/kivattt/getopt v0.0.0-20240628061659-0f129a2cefaf/go.mod h1:XbVdQu8SHHjoqISPmGcFvHQ8xFuutDrbc4pdw1US62s=
github.com/kivattt/getopt v0.0.0-20240907012637-674e0e42e04f h1:myfMHJX0b7esBOYuclPjnBOclu2uIxe0XDJG0Y7ToGA=
github.com/kivattt/getopt v0.0.0-20240907012637-674e0e42e04f/go.mod h1:XbVdQu8SHHjoqISPmGcFvHQ8xFuutDrbc4pdw1US62s=
